PODS:
  - Alamofire (5.4.4)
  - Kingfisher (5.2.0)

DEPENDENCIES:
  - Alamofire (~> 5.0)
  - Kingfisher (~> 5.2.0)

SPEC REPOS:
  trunk:
    - Alamofire
    - Kingfisher

SPEC CHECKSUMS:
  Alamofire: f3b09a368f1582ab751b3fff5460276e0d2cf5c9
  Kingfisher: 07067cfacf371117330dceb4b4b8f5c4b691ab42

PODFILE CHECKSUM: 93b94a67fc044b2cf18008ba1a8d648e73310da1

COCOAPODS: 1.11.2
